# This file is automatically @generated by Cargo.
# It is not intended for manual editing.
version = 3

[[package]]
name = "arrayvec"
version = "0.7.4"
source = "registry+https://github.com/rust-lang/crates.io-index"
checksum = "96d30a06541fbafbc7f82ed10c06164cfbd2c401138f6addd8404629c4b16711"

[[package]]
name = "byte-strings-proc_macros"
version = "0.2.2"
source = "registry+https://github.com/rust-lang/crates.io-index"
checksum = "4e78e8673d97234c7a07636474b02c92fad06a0f26f70581aa46aee124c508e5"
dependencies = [
 "proc-macro2",
 "quote",
 "syn",
]

[[package]]
name = "byteorder"
version = "1.5.0"
source = "registry+https://github.com/rust-lang/crates.io-index"
checksum = "1fd0f2584146f6f2ef48085050886acf353beff7305ebd1ae69500e27c67f64b"

[[package]]
name = "cstream"
version = "0.1.4"
source = "registry+https://github.com/rust-lang/crates.io-index"
checksum = "d07cf59bb5706f48e23ca41321080aa34993026a6776e4e720d0d257cb725bae"
dependencies = [
 "libc",
]

[[package]]
name = "datrie"
version = "0.1.0"
dependencies = [
 "arrayvec",
 "byteorder",
 "cstream",
 "libc",
 "null-terminated",
 "rangemap",
]

[[package]]
name = "libc"
version = "0.2.155"
source = "registry+https://github.com/rust-lang/crates.io-index"
checksum = "97b3888a4aecf77e811145cadf6eef5901f4782c53886191b2f693f24761847c"

[[package]]
name = "null-terminated"
version = "0.3.17"
source = "registry+https://github.com/rust-lang/crates.io-index"
checksum = "db3ab2c625aa6bd21571b3599f3c4318b4456ec89efc62c0b47c1a8de14e30bf"
dependencies = [
 "byte-strings-proc_macros",
 "unreachable",
 "utf",
]

[[package]]
name = "proc-macro2"
version = "1.0.86"
source = "registry+https://github.com/rust-lang/crates.io-index"
checksum = "5e719e8df665df0d1c8fbfd238015744736151d4445ec0836b8e628aae103b77"
dependencies = [
 "unicode-ident",
]

[[package]]
name = "quote"
version = "1.0.36"
source = "registry+https://github.com/rust-lang/crates.io-index"
checksum = "0fa76aaf39101c457836aec0ce2316dbdc3ab723cdda1c6bd4e6ad4208acaca7"
dependencies = [
 "proc-macro2",
]

[[package]]
name = "rangemap"
version = "1.5.1"
source = "registry+https://github.com/rust-lang/crates.io-index"
checksum = "f60fcc7d6849342eff22c4350c8b9a989ee8ceabc4b481253e8946b9fe83d684"

[[package]]
name = "syn"
version = "1.0.109"
source = "registry+https://github.com/rust-lang/crates.io-index"
checksum = "72b64191b275b66ffe2469e8af2c1cfe3bafa67b529ead792a6d0160888b4237"
dependencies = [
 "proc-macro2",
 "quote",
 "unicode-ident",
]

[[package]]
name = "unicode-ident"
version = "1.0.12"
source = "registry+https://github.com/rust-lang/crates.io-index"
checksum = "3354b9ac3fae1ff6755cb6db53683adb661634f67557942dea4facebec0fee4b"

[[package]]
name = "unreachable"
version = "1.0.0"
source = "registry+https://github.com/rust-lang/crates.io-index"
checksum = "382810877fe448991dfc7f0dd6e3ae5d58088fd0ea5e35189655f84e6814fa56"
dependencies = [
 "void",
]

[[package]]
name = "utf"
version = "0.1.6"
source = "registry+https://github.com/rust-lang/crates.io-index"
checksum = "8704f91734e57e97633bff5afe5c2893e5aca5bd83fac44736460deca2611a76"

[[package]]
name = "void"
version = "1.0.2"
source = "registry+https://github.com/rust-lang/crates.io-index"
checksum = "6a02e4885ed3bc0f2de90ea6dd45ebcbb66dacffe03547fadbb0eeae2770887d"
